
Microsoft Visual Studio Solution File, Format Version 12.00
# Visual Studio Version 17
VisualStudioVersion = 17.9.34607.119
MinimumVisualStudioVersion = 10.0.40219.1
Project("{FAE04EC0-301F-11D3-BF4B-00C04F79EFBC}") = "ClientServer", "ClientServer\ClientServer.csproj", "{438753C0-0072-4ED3-B9E0-F4D8B03E3154}"
EndProject
Project("{FAE04EC0-301F-11D3-BF4B-00C04F79EFBC}") = "client", "client\client.csproj", "{64048719-213A-4006-9B19-50F4D71D98ED}"
EndProject
Project("{FAE04EC0-301F-11D3-BF4B-00C04F79EFBC}") = "server", "server\server.csproj", "{A0BCEE3A-21E9-498F-8984-1349BA44FDC9}"
EndProject
Global
	GlobalSection(SolutionConfigurationPlatforms) = preSolution
		Debug|Any CPU = Debug|Any CPU
		Release|Any CPU = Release|Any CPU
	EndGlobalSection
	GlobalSection(ProjectConfigurationPlatforms) = postSolution
		{438753C0-0072-4ED3-B9E0-F4D8B03E3154}.Debug|Any CPU.ActiveCfg = Debug|Any CPU
		{438753C0-0072-4ED3-B9E0-F4D8B03E3154}.Debug|Any CPU.Build.0 = Debug|Any CPU
		{438753C0-0072-4ED3-B9E0-F4D8B03E3154}.Release|Any CPU.ActiveCfg = Release|Any CPU
		{438753C0-0072-4ED3-B9E0-F4D8B03E3154}.Release|Any CPU.Build.0 = Release|Any CPU
		{64048719-213A-4006-9B19-50F4D71D98ED}.Debug|Any CPU.ActiveCfg = Debug|Any CPU
		{64048719-213A-4006-9B19-50F4D71D98ED}.Debug|Any CPU.Build.0 = Debug|Any CPU
		{64048719-213A-4006-9B19-50F4D71D98ED}.Release|Any CPU.ActiveCfg = Release|Any CPU
		{64048719-213A-4006-9B19-50F4D71D98ED}.Release|Any CPU.Build.0 = Release|Any CPU
		{A0BCEE3A-21E9-498F-8984-1349BA44FDC9}.Debug|Any CPU.ActiveCfg = Debug|Any CPU
		{A0BCEE3A-21E9-498F-8984-1349BA44FDC9}.Debug|Any CPU.Build.0 = Debug|Any CPU
		{A0BCEE3A-21E9-498F-8984-1349BA44FDC9}.Release|Any CPU.ActiveCfg = Release|Any CPU
		{A0BCEE3A-21E9-498F-8984-1349BA44FDC9}.Release|Any CPU.Build.0 = Release|Any CPU
	EndGlobalSection
	GlobalSection(SolutionProperties) = preSolution
		HideSolutionNode = FALSE
	EndGlobalSection
	GlobalSection(ExtensibilityGlobals) = postSolution
		SolutionGuid = {A3B75D89-E906-474D-A2FB-1122CD4878F1}
	EndGlobalSection
EndGlobal
